{
  "nodes": {
    "devshell": {
      "inputs": {
        "nixpkgs": [
          "nixpkgs-unstable"
        ]
      },
      "locked": {
        "lastModified": 1722113426,
        "narHash": "sha256-Yo/3loq572A8Su6aY5GP56knpuKYRvM2a1meP9oJZCw=",
        "owner": "numtide",
        "repo": "devshell",
        "rev": "67cce7359e4cd3c45296fb4aaf6a19e2a9c757ae",
        "type": "github"
      },
      "original": {
        "owner": "numtide",
        "repo": "devshell",
        "type": "github"
      }
    },
    "flake-compat": {
      "flake": false,
      "locked": {
        "lastModified": 1696426674,
        "narHash": "sha256-kvjfFW7WAETZlt09AgDn1MrtKzP7t90Vf7vypd3OL1U=",
        "owner": "edolstra",
        "repo": "flake-compat",
        "rev": "0f9255e01c2351cc7d116c072cb317785dd33b33",
        "type": "github"
      },
      "original": {
        "owner": "edolstra",
        "repo": "flake-compat",
        "type": "github"
      }
    },
    "flake-parts": {
      "inputs": {
        "nixpkgs-lib": "nixpkgs-lib"
      },
      "locked": {
        "lastModified": 1725234343,
        "narHash": "sha256-+ebgonl3NbiKD2UD0x4BszCZQ6sTfL4xioaM49o5B3Y=",
        "owner": "hercules-ci",
        "repo": "flake-parts",
        "rev": "567b938d64d4b4112ee253b9274472dc3a346eb6",
        "type": "github"
      },
      "original": {
        "id": "flake-parts",
        "type": "indirect"
      }
    },
    "flake-parts_2": {
      "inputs": {
        "nixpkgs-lib": "nixpkgs-lib_2"
      },
      "locked": {
        "lastModified": 1722555600,
        "narHash": "sha256-XOQkdLafnb/p9ij77byFQjDf5m5QYl9b2REiVClC+x4=",
        "owner": "hercules-ci",
        "repo": "flake-parts",
        "rev": "8471fe90ad337a8074e957b69ca4d0089218391d",
        "type": "github"
      },
      "original": {
        "id": "flake-parts",
        "type": "indirect"
      }
    },
    "gitignore": {
      "inputs": {
        "nixpkgs": [
          "pre-commit-hooks-nix",
          "nixpkgs"
        ]
      },
      "locked": {
        "lastModified": 1709087332,
        "narHash": "sha256-HG2cCnktfHsKV0s4XW83gU3F57gaTljL9KNSuG6bnQs=",
        "owner": "hercules-ci",
        "repo": "gitignore.nix",
        "rev": "637db329424fd7e46cf4185293b9cc8c88c95394",
        "type": "github"
      },
      "original": {
        "owner": "hercules-ci",
        "repo": "gitignore.nix",
        "type": "github"
      }
    },
    "nixpkgs-lib": {
      "locked": {
        "lastModified": 1725233747,
        "narHash": "sha256-Ss8QWLXdr2JCBPcYChJhz4xJm+h/xjl4G0c0XlP6a74=",
        "type": "tarball",
        "url": "https://github.com/NixOS/nixpkgs/archive/356624c12086a18f2ea2825fed34523d60ccc4e3.tar.gz"
      },
      "original": {
        "type": "tarball",
        "url": "https://github.com/NixOS/nixpkgs/archive/356624c12086a18f2ea2825fed34523d60ccc4e3.tar.gz"
      }
    },
    "nixpkgs-lib_2": {
      "locked": {
        "lastModified": 1722555339,
        "narHash": "sha256-uFf2QeW7eAHlYXuDktm9c25OxOyCoUOQmh5SZ9amE5Q=",
        "type": "tarball",
        "url": "https://github.com/NixOS/nixpkgs/archive/a5d394176e64ab29c852d03346c1fc9b0b7d33eb.tar.gz"
      },
      "original": {
        "type": "tarball",
        "url": "https://github.com/NixOS/nixpkgs/archive/a5d394176e64ab29c852d03346c1fc9b0b7d33eb.tar.gz"
      }
    },
    "nixpkgs-stable": {
      "locked": {
        "lastModified": 1725930920,
        "narHash": "sha256-RVhD9hnlTT2nJzPHlAqrWqCkA7T6CYrP41IoVRkciZM=",
        "owner": "NixOS",
        "repo": "nixpkgs",
        "rev": "44a71ff39c182edaf25a7ace5c9454e7cba2c658",
        "type": "github"
      },
      "original": {
        "owner": "NixOS",
        "ref": "nixos-24.05",
        "repo": "nixpkgs",
        "type": "github"
      }
    },
    "nixpkgs-unstable": {
      "locked": {
        "lastModified": 1725983898,
        "narHash": "sha256-4b3A9zPpxAxLnkF9MawJNHDtOOl6ruL0r6Og1TEDGCE=",
        "owner": "NixOS",
        "repo": "nixpkgs",
        "rev": "1355a0cbfeac61d785b7183c0caaec1f97361b43",
        "type": "github"
      },
      "original": {
        "owner": "NixOS",
        "ref": "nixos-unstable",
        "repo": "nixpkgs",
        "type": "github"
      }
    },
    "pre-commit-hooks-nix": {
      "inputs": {
        "flake-compat": "flake-compat",
        "gitignore": "gitignore",
        "nixpkgs": [
          "nixpkgs-unstable"
        ],
        "nixpkgs-stable": [
          "nixpkgs-stable"
        ]
      },
      "locked": {
        "lastModified": 1725513492,
        "narHash": "sha256-tyMUA6NgJSvvQuzB7A1Sf8+0XCHyfSPRx/b00o6K0uo=",
        "owner": "cachix",
        "repo": "pre-commit-hooks.nix",
        "rev": "7570de7b9b504cfe92025dd1be797bf546f66528",
        "type": "github"
      },
      "original": {
        "owner": "cachix",
        "repo": "pre-commit-hooks.nix",
        "type": "github"
      }
    },
    "root": {
      "inputs": {
        "devshell": "devshell",
        "flake-parts": "flake-parts",
        "nixpkgs": [
          "nixpkgs-stable"
        ],
        "nixpkgs-stable": "nixpkgs-stable",
        "nixpkgs-unstable": "nixpkgs-unstable",
        "pre-commit-hooks-nix": "pre-commit-hooks-nix",
        "snowcli": "snowcli",
        "treefmt-nix": "treefmt-nix"
      }
    },
    "snowcli": {
      "inputs": {
        "devshell": [
          "devshell"
        ],
        "flake-parts": "flake-parts_2",
        "nixpkgs": [
          "nixpkgs"
        ],
        "nixpkgs-stable": [
          "nixpkgs-stable"
        ],
        "nixpkgs-unstable": [
          "nixpkgs-unstable"
        ],
        "pre-commit-hooks-nix": [
          "pre-commit-hooks-nix"
        ],
        "snowcli-src-2x": "snowcli-src-2x",
        "snowcli-src-live": "snowcli-src-live",
        "snowflake-connector-python-2x": "snowflake-connector-python-2x",
        "snowflake-connector-python-live": "snowflake-connector-python-live",
        "treefmt-nix": [
          "treefmt-nix"
        ]
      },
      "locked": {
        "lastModified": 1724777345,
        "narHash": "sha256-A/Boo6kOI1K/W01jwEV1IbCpUn910Nn3y5TYjMyflHE=",
        "owner": "sfc-gh-vtimofeenko",
        "repo": "snowcli-nix-flake",
        "rev": "d63f3f54eeed4aee4eac07219a362e3fa78f6fcf",
        "type": "github"
      },
      "original": {
        "owner": "sfc-gh-vtimofeenko",
        "repo": "snowcli-nix-flake",
        "type": "github"
      }
    },
    "snowcli-src-2x": {
      "flake": false,
      "locked": {
        "lastModified": 1724747844,
        "narHash": "sha256-sboTb3VrJoBs9sXzU/eYyDlE5517nOP4Jv/FRplNqwo=",
        "owner": "snowflakedb",
        "repo": "snowflake-cli",
        "rev": "3955d1b0631d0bcee5b0f16c520eb44396961d04",
        "type": "github"
      },
      "original": {
        "owner": "snowflakedb",
        "ref": "v2.8.0",
        "repo": "snowflake-cli",
        "type": "github"
      }
    },
    "snowcli-src-live": {
      "flake": false,
      "locked": {
        "lastModified": 1724774398,
        "narHash": "sha256-tw0KZy5mZ6H5mSioVGVCKWA45UxhOxe+JBGMDUf4hpE=",
        "owner": "snowflakedb",
        "repo": "snowflake-cli",
        "rev": "34b20a53ed0782d5ad4e37159c36aff9d5e58e48",
        "type": "github"
      },
      "original": {
        "owner": "snowflakedb",
        "repo": "snowflake-cli",
        "type": "github"
      }
    },
    "snowflake-connector-python-2x": {
      "flake": false,
      "locked": {
        "lastModified": 1721778278,
        "narHash": "sha256-Dchqxm5gWGCgHb2vPIEbW5tD9z4KNzEcZpS7QdzIjS4=",
        "owner": "snowflakedb",
        "repo": "snowflake-connector-python",
        "rev": "91aa0fcd23c1d87d069cd9989963c8fbcd1091cf",
        "type": "github"
      },
      "original": {
        "owner": "snowflakedb",
        "ref": "v3.12.0",
        "repo": "snowflake-connector-python",
        "type": "github"
      }
    },
    "snowflake-connector-python-live": {
      "flake": false,
      "locked": {
        "lastModified": 1721778278,
        "narHash": "sha256-Dchqxm5gWGCgHb2vPIEbW5tD9z4KNzEcZpS7QdzIjS4=",
        "owner": "snowflakedb",
        "repo": "snowflake-connector-python",
        "rev": "91aa0fcd23c1d87d069cd9989963c8fbcd1091cf",
        "type": "github"
      },
      "original": {
        "owner": "snowflakedb",
        "ref": "v3.12.0",
        "repo": "snowflake-connector-python",
        "type": "github"
      }
    },
    "treefmt-nix": {
      "inputs": {
        "nixpkgs": [
          "nixpkgs-unstable"
        ]
      },
      "locked": {
        "lastModified": 1725271838,
        "narHash": "sha256-VcqxWT0O/gMaeWTTjf1r4MOyG49NaNxW4GHTO3xuThE=",
        "owner": "numtide",
        "repo": "treefmt-nix",
        "rev": "9fb342d14b69aefdf46187f6bb80a4a0d97007cd",
        "type": "github"
      },
      "original": {
        "owner": "numtide",
        "repo": "treefmt-nix",
        "type": "github"
      }
    }
  },
  "root": "root",
  "version": 7
}
