{
  "nodes": {
    "devshell": {
      "inputs": {
        "nixpkgs": [
          "nixpkgs-unstable"
        ]
      },
      "locked": {
        "lastModified": 1728330715,
        "narHash": "sha256-xRJ2nPOXb//u1jaBnDP56M7v5ldavjbtR6lfGqSvcKg=",
        "owner": "numtide",
        "repo": "devshell",
        "rev": "dd6b80932022cea34a019e2bb32f6fa9e494dfef",
        "type": "github"
      },
      "original": {
        "owner": "numtide",
        "repo": "devshell",
        "type": "github"
      }
    },
    "flake-compat": {
      "flake": false,
      "locked": {
        "lastModified": 1696426674,
        "narHash": "sha256-kvjfFW7WAETZlt09AgDn1MrtKzP7t90Vf7vypd3OL1U=",
        "owner": "edolstra",
        "repo": "flake-compat",
        "rev": "0f9255e01c2351cc7d116c072cb317785dd33b33",
        "type": "github"
      },
      "original": {
        "owner": "edolstra",
        "repo": "flake-compat",
        "type": "github"
      }
    },
    "flake-parts": {
      "inputs": {
        "nixpkgs-lib": "nixpkgs-lib"
      },
      "locked": {
        "lastModified": 1733312601,
        "narHash": "sha256-4pDvzqnegAfRkPwO3wmwBhVi/Sye1mzps0zHWYnP88c=",
        "owner": "hercules-ci",
        "repo": "flake-parts",
        "rev": "205b12d8b7cd4802fbcb8e8ef6a0f1408781a4f9",
        "type": "github"
      },
      "original": {
        "id": "flake-parts",
        "type": "indirect"
      }
    },
    "flake-parts_2": {
      "inputs": {
        "nixpkgs-lib": "nixpkgs-lib_2"
      },
      "locked": {
        "lastModified": 1722555600,
        "narHash": "sha256-XOQkdLafnb/p9ij77byFQjDf5m5QYl9b2REiVClC+x4=",
        "owner": "hercules-ci",
        "repo": "flake-parts",
        "rev": "8471fe90ad337a8074e957b69ca4d0089218391d",
        "type": "github"
      },
      "original": {
        "id": "flake-parts",
        "type": "indirect"
      }
    },
    "gitignore": {
      "inputs": {
        "nixpkgs": [
          "pre-commit-hooks-nix",
          "nixpkgs"
        ]
      },
      "locked": {
        "lastModified": 1709087332,
        "narHash": "sha256-HG2cCnktfHsKV0s4XW83gU3F57gaTljL9KNSuG6bnQs=",
        "owner": "hercules-ci",
        "repo": "gitignore.nix",
        "rev": "637db329424fd7e46cf4185293b9cc8c88c95394",
        "type": "github"
      },
      "original": {
        "owner": "hercules-ci",
        "repo": "gitignore.nix",
        "type": "github"
      }
    },
    "nixpkgs-lib": {
      "locked": {
        "lastModified": 1733096140,
        "narHash": "sha256-1qRH7uAUsyQI7R1Uwl4T+XvdNv778H0Nb5njNrqvylY=",
        "type": "tarball",
        "url": "https://github.com/NixOS/nixpkgs/archive/5487e69da40cbd611ab2cadee0b4637225f7cfae.tar.gz"
      },
      "original": {
        "type": "tarball",
        "url": "https://github.com/NixOS/nixpkgs/archive/5487e69da40cbd611ab2cadee0b4637225f7cfae.tar.gz"
      }
    },
    "nixpkgs-lib_2": {
      "locked": {
        "lastModified": 1722555339,
        "narHash": "sha256-uFf2QeW7eAHlYXuDktm9c25OxOyCoUOQmh5SZ9amE5Q=",
        "type": "tarball",
        "url": "https://github.com/NixOS/nixpkgs/archive/a5d394176e64ab29c852d03346c1fc9b0b7d33eb.tar.gz"
      },
      "original": {
        "type": "tarball",
        "url": "https://github.com/NixOS/nixpkgs/archive/a5d394176e64ab29c852d03346c1fc9b0b7d33eb.tar.gz"
      }
    },
    "nixpkgs-stable": {
      "locked": {
        "lastModified": 1733412085,
        "narHash": "sha256-FillH0qdWDt/nlO6ED7h4cmN+G9uXwGjwmCnHs0QVYM=",
        "owner": "NixOS",
        "repo": "nixpkgs",
        "rev": "4dc2fc4e62dbf62b84132fe526356fbac7b03541",
        "type": "github"
      },
      "original": {
        "owner": "NixOS",
        "ref": "nixos-24.11",
        "repo": "nixpkgs",
        "type": "github"
      }
    },
    "nixpkgs-unstable": {
      "locked": {
        "lastModified": 1733392399,
        "narHash": "sha256-kEsTJTUQfQFIJOcLYFt/RvNxIK653ZkTBIs4DG+cBns=",
        "owner": "NixOS",
        "repo": "nixpkgs",
        "rev": "d0797a04b81caeae77bcff10a9dde78bc17f5661",
        "type": "github"
      },
      "original": {
        "owner": "NixOS",
        "ref": "nixos-unstable",
        "repo": "nixpkgs",
        "type": "github"
      }
    },
    "pre-commit-hooks-nix": {
      "inputs": {
        "flake-compat": "flake-compat",
        "gitignore": "gitignore",
        "nixpkgs": [
          "nixpkgs-unstable"
        ],
        "nixpkgs-stable": [
          "nixpkgs-stable"
        ]
      },
      "locked": {
        "lastModified": 1733318908,
        "narHash": "sha256-SVQVsbafSM1dJ4fpgyBqLZ+Lft+jcQuMtEL3lQWx2Sk=",
        "owner": "cachix",
        "repo": "pre-commit-hooks.nix",
        "rev": "6f4e2a2112050951a314d2733a994fbab94864c6",
        "type": "github"
      },
      "original": {
        "owner": "cachix",
        "repo": "pre-commit-hooks.nix",
        "type": "github"
      }
    },
    "root": {
      "inputs": {
        "devshell": "devshell",
        "flake-parts": "flake-parts",
        "nixpkgs": [
          "nixpkgs-stable"
        ],
        "nixpkgs-stable": "nixpkgs-stable",
        "nixpkgs-unstable": "nixpkgs-unstable",
        "pre-commit-hooks-nix": "pre-commit-hooks-nix",
        "snowcli": "snowcli",
        "treefmt-nix": "treefmt-nix"
      }
    },
    "snowcli": {
      "inputs": {
        "devshell": [
          "devshell"
        ],
        "flake-parts": "flake-parts_2",
        "nixpkgs": [
          "nixpkgs"
        ],
        "nixpkgs-stable": [
          "nixpkgs-stable"
        ],
        "nixpkgs-unstable": [
          "nixpkgs-unstable"
        ],
        "pre-commit-hooks-nix": [
          "pre-commit-hooks-nix"
        ],
        "snowcli-src-2x": "snowcli-src-2x",
        "snowcli-src-live": "snowcli-src-live",
        "snowflake-connector-python-2x": "snowflake-connector-python-2x",
        "snowflake-connector-python-live": "snowflake-connector-python-live",
        "treefmt-nix": [
          "treefmt-nix"
        ]
      },
      "locked": {
        "lastModified": 1729888662,
        "narHash": "sha256-vi3rTAih4GWyKQaeAKxhKVXbpxaisin2TkHj5Dz64Ng=",
        "owner": "sfc-gh-vtimofeenko",
        "repo": "snowcli-nix-flake",
        "rev": "c4c628585d579db89484ce82ff08a1935155056e",
        "type": "github"
      },
      "original": {
        "owner": "sfc-gh-vtimofeenko",
        "repo": "snowcli-nix-flake",
        "type": "github"
      }
    },
    "snowcli-src-2x": {
      "flake": false,
      "locked": {
        "lastModified": 1725977073,
        "narHash": "sha256-5/Lrs/TvAS5VN6oW0BugAvsVAWKEcfphWxbsjQIAHd4=",
        "owner": "snowflakedb",
        "repo": "snowflake-cli",
        "rev": "b1231dc66f9190e7c3b817719da4ce7b38d20eff",
        "type": "github"
      },
      "original": {
        "owner": "snowflakedb",
        "ref": "v2.8.1",
        "repo": "snowflake-cli",
        "type": "github"
      }
    },
    "snowcli-src-live": {
      "flake": false,
      "locked": {
        "lastModified": 1724774398,
        "narHash": "sha256-tw0KZy5mZ6H5mSioVGVCKWA45UxhOxe+JBGMDUf4hpE=",
        "owner": "snowflakedb",
        "repo": "snowflake-cli",
        "rev": "34b20a53ed0782d5ad4e37159c36aff9d5e58e48",
        "type": "github"
      },
      "original": {
        "owner": "snowflakedb",
        "repo": "snowflake-cli",
        "type": "github"
      }
    },
    "snowflake-connector-python-2x": {
      "flake": false,
      "locked": {
        "lastModified": 1721778278,
        "narHash": "sha256-Dchqxm5gWGCgHb2vPIEbW5tD9z4KNzEcZpS7QdzIjS4=",
        "owner": "snowflakedb",
        "repo": "snowflake-connector-python",
        "rev": "91aa0fcd23c1d87d069cd9989963c8fbcd1091cf",
        "type": "github"
      },
      "original": {
        "owner": "snowflakedb",
        "ref": "v3.12.0",
        "repo": "snowflake-connector-python",
        "type": "github"
      }
    },
    "snowflake-connector-python-live": {
      "flake": false,
      "locked": {
        "lastModified": 1721778278,
        "narHash": "sha256-Dchqxm5gWGCgHb2vPIEbW5tD9z4KNzEcZpS7QdzIjS4=",
        "owner": "snowflakedb",
        "repo": "snowflake-connector-python",
        "rev": "91aa0fcd23c1d87d069cd9989963c8fbcd1091cf",
        "type": "github"
      },
      "original": {
        "owner": "snowflakedb",
        "ref": "v3.12.0",
        "repo": "snowflake-connector-python",
        "type": "github"
      }
    },
    "treefmt-nix": {
      "inputs": {
        "nixpkgs": [
          "nixpkgs-unstable"
        ]
      },
      "locked": {
        "lastModified": 1733440889,
        "narHash": "sha256-qKL3vjO+IXFQ0nTinFDqNq/sbbnnS5bMI1y0xX215fU=",
        "owner": "numtide",
        "repo": "treefmt-nix",
        "rev": "50862ba6a8a0255b87377b9d2d4565e96f29b410",
        "type": "github"
      },
      "original": {
        "owner": "numtide",
        "repo": "treefmt-nix",
        "type": "github"
      }
    }
  },
  "root": "root",
  "version": 7
}
